// !$*UTF8*$!
{
	archiveVersion = 1;
	classes = {
	};
	objectVersion = 50;
	objects = {

/* Begin PBXBuildFile section */
		C9F0DB57222D25D500B54BD8 /* AppDelegate.swift in Sources */ = {isa = PBXBuildFile; fileRef = C9F0DB56222D25D500B54BD8 /* AppDelegate.swift */; };
		C9F0DB5C222D25D500B54BD8 /* Main.storyboard in Resources */ = {isa = PBXBuildFile; fileRef = C9F0DB5A222D25D500B54BD8 /* Main.storyboard */; };
		C9F0DB5F222D25D500B54BD8 /* weather_app.xcdatamodeld in Sources */ = {isa = PBXBuildFile; fileRef = C9F0DB5D222D25D500B54BD8 /* weather_app.xcdatamodeld */; };
		C9F0DB61222D25D700B54BD8 /* Assets.xcassets in Resources */ = {isa = PBXBuildFile; fileRef = C9F0DB60222D25D700B54BD8 /* Assets.xcassets */; };
		C9F0DB64222D25D700B54BD8 /* LaunchScreen.storyboard in Resources */ = {isa = PBXBuildFile; fileRef = C9F0DB62222D25D700B54BD8 /* LaunchScreen.storyboard */; };
		C9F0DB6C222D315000B54BD8 /* WeatherTableViewController.swift in Sources */ = {isa = PBXBuildFile; fileRef = C9F0DB6B222D315000B54BD8 /* WeatherTableViewController.swift */; };
		C9F0DB70222D339600B54BD8 /* weather.swift in Sources */ = {isa = PBXBuildFile; fileRef = C9F0DB6F222D339600B54BD8 /* weather.swift */; };
		C9F0DB72222D350600B54BD8 /* Configuration.swift in Sources */ = {isa = PBXBuildFile; fileRef = C9F0DB71222D350500B54BD8 /* Configuration.swift */; };
/* End PBXBuildFile section */

/* Begin PBXFileReference section */
		C9F0DB53222D25D500B54BD8 /* weather-app.app */ = {isa = PBXFileReference; explicitFileType = wrapper.application; includeInIndex = 0; path = "weather-app.app"; sourceTree = BUILT_PRODUCTS_DIR; };
		C9F0DB56222D25D500B54BD8 /* AppDelegate.swift */ = {isa = PBXFileReference; lastKnownFileType = sourcecode.swift; path = AppDelegate.swift; sourceTree = "<group>"; };
		C9F0DB5B222D25D500B54BD8 /* Base */ = {isa = PBXFileReference; lastKnownFileType = file.storyboard; name = Base; path = Base.lproj/Main.storyboard; sourceTree = "<group>"; };
		C9F0DB5E222D25D500B54BD8 /* weather_app.xcdatamodel */ = {isa = PBXFileReference; lastKnownFileType = wrapper.xcdatamodel; path = weather_app.xcdatamodel; sourceTree = "<group>"; };
		C9F0DB60222D25D700B54BD8 /* Assets.xcassets */ = {isa = PBXFileReference; lastKnownFileType = folder.assetcatalog; path = Assets.xcassets; sourceTree = "<group>"; };
		C9F0DB63222D25D700B54BD8 /* Base */ = {isa = PBXFileReference; lastKnownFileType = file.storyboard; name = Base; path = Base.lproj/LaunchScreen.storyboard; sourceTree = "<group>"; };
		C9F0DB65222D25D700B54BD8 /* Info.plist */ = {isa = PBXFileReference; lastKnownFileType = text.plist.xml; path = Info.plist; sourceTree = "<group>"; };
		C9F0DB6B222D315000B54BD8 /* WeatherTableViewController.swift */ = {isa = PBXFileReference; lastKnownFileType = sourcecode.swift; path = WeatherTableViewController.swift; sourceTree = "<group>"; };
		C9F0DB6F222D339600B54BD8 /* weather.swift */ = {isa = PBXFileReference; lastKnownFileType = sourcecode.swift; path = weather.swift; sourceTree = "<group>"; };
		C9F0DB71222D350500B54BD8 /* Configuration.swift */ = {isa = PBXFileReference; lastKnownFileType = sourcecode.swift; path = Configuration.swift; sourceTree = "<group>"; };
/* End PBXFileReference section */

/* Begin PBXFrameworksBuildPhase section */
		C9F0DB50222D25D500B54BD8 /* Frameworks */ = {
			isa = PBXFrameworksBuildPhase;
			buildActionMask = 2147483647;
			files = (
			);
			runOnlyForDeploymentPostprocessing = 0;
		};
/* End PBXFrameworksBuildPhase section */

/* Begin PBXGroup section */
		C9F0DB4A222D25D500B54BD8 = {
			isa = PBXGroup;
			children = (
				C9F0DB55222D25D500B54BD8 /* weather-app */,
				C9F0DB54222D25D500B54BD8 /* Products */,
			);
			sourceTree = "<group>";
		};
		C9F0DB54222D25D500B54BD8 /* Products */ = {
			isa = PBXGroup;
			children = (
				C9F0DB53222D25D500B54BD8 /* weather-app.app */,
			);
			name = Products;
			sourceTree = "<group>";
		};
		C9F0DB55222D25D500B54BD8 /* weather-app */ = {
			isa = PBXGroup;
			children = (
				C9F0DB56222D25D500B54BD8 /* AppDelegate.swift */,
				C9F0DB6B222D315000B54BD8 /* WeatherTableViewController.swift */,
				C9F0DB5A222D25D500B54BD8 /* Main.storyboard */,
				C9F0DB60222D25D700B54BD8 /* Assets.xcassets */,
				C9F0DB62222D25D700B54BD8 /* LaunchScreen.storyboard */,
				C9F0DB65222D25D700B54BD8 /* Info.plist */,
				C9F0DB5D222D25D500B54BD8 /* weather_app.xcdatamodeld */,
				C9F0DB6F222D339600B54BD8 /* weather.swift */,
				C9F0DB71222D350500B54BD8 /* Configuration.swift */,
			);
			path = "weather-app";
			sourceTree = "<group>";
		};
/* End PBXGroup section */

/* Begin PBXNativeTarget section */
		C9F0DB52222D25D500B54BD8 /* weather-app */ = {
			isa = PBXNativeTarget;
			buildConfigurationList = C9F0DB68222D25D700B54BD8 /* Build configuration list for PBXNativeTarget "weather-app" */;
			buildPhases = (
				C9F0DB4F222D25D500B54BD8 /* Sources */,
				C9F0DB50222D25D500B54BD8 /* Frameworks */,
				C9F0DB51222D25D500B54BD8 /* Resources */,
			);
			buildRules = (
			);
			dependencies = (
			);
			name = "weather-app";
			productName = "weather-app";
			productReference = C9F0DB53222D25D500B54BD8 /* weather-app.app */;
			productType = "com.apple.product-type.application";
		};
/* End PBXNativeTarget section */

/* Begin PBXProject section */
		C9F0DB4B222D25D500B54BD8 /* Project object */ = {
			isa = PBXProject;
			attributes = {
				LastSwiftUpdateCheck = 0940;
				LastUpgradeCheck = 0940;
				ORGANIZATIONNAME = "selvina fernandes";
				TargetAttributes = {
					C9F0DB52222D25D500B54BD8 = {
						CreatedOnToolsVersion = 9.4.1;
					};
				};
			};
			buildConfigurationList = C9F0DB4E222D25D500B54BD8 /* Build configuration list for PBXProject "weather-app" */;
			compatibilityVersion = "Xcode 9.3";
			developmentRegion = en;
			hasScannedForEncodings = 0;
			knownRegions = (
				en,
				Base,
			);
			mainGroup = C9F0DB4A222D25D500B54BD8;
			productRefGroup = C9F0DB54222D25D500B54BD8 /* Products */;
			projectDirPath = "";
			projectRoot = "";
			targets = (
				C9F0DB52222D25D500B54BD8 /* weather-app */,
			);
		};
/* End PBXProject section */

/* Begin PBXResourcesBuildPhase section */
		C9F0DB51222D25D500B54BD8 /* Resources */ = {
			isa = PBXResourcesBuildPhase;
			buildActionMask = 2147483647;
			files = (
				C9F0DB64222D25D700B54BD8 /* LaunchScreen.storyboard in Resources */,
				C9F0DB61222D25D700B54BD8 /* Assets.xcassets in Resources */,
				C9F0DB5C222D25D500B54BD8 /* Main.storyboard in Resources */,
			);
			runOnlyForDeploymentPostprocessing = 0;
		};
/* End PBXResourcesBuildPhase section */

/* Begin PBXSourcesBuildPhase section */
		C9F0DB4F222D25D500B54BD8 /* Sources */ = {
			isa = PBXSourcesBuildPhase;
			buildActionMask = 2147483647;
			files = (
				C9F0DB70222D339600B54BD8 /* weather.swift in Sources */,
				C9F0DB72222D350600B54BD8 /* Configuration.swift in Sources */,
				C9F0DB5F222D25D500B54BD8 /* weather_app.xcdatamodeld in Sources */,
				C9F0DB6C222D315000B54BD8 /* WeatherTableViewController.swift in Sources */,
				C9F0DB57222D25D500B54BD8 /* AppDelegate.swift in Sources */,
			);
			runOnlyForDeploymentPostprocessing = 0;
		};
/* End PBXSourcesBuildPhase section */

/* Begin PBXVariantGroup section */
		C9F0DB5A222D25D500B54BD8 /* Main.storyboard */ = {
			isa = PBXVariantGroup;
			children = (
				C9F0DB5B222D25D500B54BD8 /* Base */,
			);
			name = Main.storyboard;
			sourceTree = "<group>";
		};
		C9F0DB62222D25D700B54BD8 /* LaunchScreen.storyboard */ = {
			isa = PBXVariantGroup;
			children = (
				C9F0DB63222D25D700B54BD8 /* Base */,
			);
			name = LaunchScreen.storyboard;
			sourceTree = "<group>";
		};
/* End PBXVariantGroup section */

/* Begin XCBuildConfiguration section */
		C9F0DB66222D25D700B54BD8 /* Debug */ = {
			isa = XCBuildConfiguration;
			buildSettings = {
				ALWAYS_SEARCH_USER_PATHS = NO;
				CLANG_ANALYZER_NONNULL = YES;
				CLANG_ANALYZER_NUMBER_OBJECT_CONVERSION = YES_AGGRESSIVE;
				CLANG_CXX_LANGUAGE_STANDARD = "gnu++14";
				CLANG_CXX_LIBRARY = "libc++";
				CLANG_ENABLE_MODULES = YES;
				CLANG_ENABLE_OBJC_ARC = YES;
				CLANG_ENABLE_OBJC_WEAK = YES;
				CLANG_WARN_BLOCK_CAPTURE_AUTORELEASING = YES;
				CLANG_WARN_BOOL_CONVERSION = YES;
				CLANG_WARN_COMMA = YES;
				CLANG_WARN_CONSTANT_CONVERSION = YES;
				CLANG_WARN_DEPRECATED_OBJC_IMPLEMENTATIONS = YES;
				CLANG_WARN_DIRECT_OBJC_ISA_USAGE = YES_ERROR;
				CLANG_WARN_DOCUMENTATION_COMMENTS = YES;
				CLANG_WARN_EMPTY_BODY = YES;
				CLANG_WARN_ENUM_CONVERSION = YES;
				CLANG_WARN_INFINITE_RECURSION = YES;
				CLANG_WARN_INT_CONVERSION = YES;
				CLANG_WARN_NON_LITERAL_NULL_CONVERSION = YES;
				CLANG_WARN_OBJC_IMPLICIT_RETAIN_SELF = YES;
				CLANG_WARN_OBJC_LITERAL_CONVERSION = YES;
				CLANG_WARN_OBJC_ROOT_CLASS = YES_ERROR;
				CLANG_WARN_RANGE_LOOP_ANALYSIS = YES;
				CLANG_WARN_STRICT_PROTOTYPES = YES;
				CLANG_WARN_SUSPICIOUS_MOVE = YES;
				CLANG_WARN_UNGUARDED_AVAILABILITY = YES_AGGRESSIVE;
				CLANG_WARN_UNREACHABLE_CODE = YES;
				CLANG_WARN__DUPLICATE_METHOD_MATCH = YES;
				CODE_SIGN_IDENTITY = "iPhone Developer";
				COPY_PHASE_STRIP = NO;
				DEBUG_INFORMATION_FORMAT = dwarf;
				ENABLE_STRICT_OBJC_MSGSEND = YES;
				ENABLE_TESTABILITY = YES;
				GCC_C_LANGUAGE_STANDARD = gnu11;
				GCC_DYNAMIC_NO_PIC = NO;
				GCC_NO_COMMON_BLOCKS = YES;
				GCC_OPTIMIZATION_LEVEL = 0;
				GCC_PREPROCESSOR_DEFINITIONS = (
					"DEBUG=1",
					"$(inherited)",
				);
				GCC_WARN_64_TO_32_BIT_CONVERSION = YES;
				GCC_WARN_ABOUT_RETURN_TYPE = YES_ERROR;
				GCC_WARN_UNDECLARED_SELECTOR = YES;
				GCC_WARN_UNINITIALIZED_AUTOS = YES_AGGRESSIVE;
				GCC_WARN_UNUSED_FUNCTION = YES;
				GCC_WARN_UNUSED_VARIABLE = YES;
				IPHONEOS_DEPLOYMENT_TARGET = 11.4;
				MTL_ENABLE_DEBUG_INFO = YES;
				ONLY_ACTIVE_ARCH = YES;
				SDKROOT = iphoneos;
				SWIFT_ACTIVE_COMPILATION_CONDITIONS = DEBUG;
				SWIFT_OPTIMIZATION_LEVEL = "-Onone";
			};
			name = Debug;
		};
		C9F0DB67222D25D700B54BD8 /* Release */ = {
			isa = XCBuildConfiguration;
			buildSettings = {
				ALWAYS_SEARCH_USER_PATHS = NO;
				CLANG_ANALYZER_NONNULL = YES;
				CLANG_ANALYZER_NUMBER_OBJECT_CONVERSION = YES_AGGRESSIVE;
				CLANG_CXX_LANGUAGE_STANDARD = "gnu++14";
				CLANG_CXX_LIBRARY = "libc++";
				CLANG_ENABLE_MODULES = YES;
				CLANG_ENABLE_OBJC_ARC = YES;
				CLANG_ENABLE_OBJC_WEAK = YES;
				CLANG_WARN_BLOCK_CAPTURE_AUTORELEASING = YES;
				CLANG_WARN_BOOL_CONVERSION = YES;
				CLANG_WARN_COMMA = YES;
				CLANG_WARN_CONSTANT_CONVERSION = YES;
				CLANG_WARN_DEPRECATED_OBJC_IMPLEMENTATIONS = YES;
				CLANG_WARN_DIRECT_OBJC_ISA_USAGE = YES_ERROR;
				CLANG_WARN_DOCUMENTATION_COMMENTS = YES;
				CLANG_WARN_EMPTY_BODY = YES;
				CLANG_WARN_ENUM_CONVERSION = YES;
				CLANG_WARN_INFINITE_RECURSION = YES;
				CLANG_WARN_INT_CONVERSION = YES;
				CLANG_WARN_NON_LITERAL_NULL_CONVERSION = YES;
				CLANG_WARN_OBJC_IMPLICIT_RETAIN_SELF = YES;
				CLANG_WARN_OBJC_LITERAL_CONVERSION = YES;
				CLANG_WARN_OBJC_ROOT_CLASS = YES_ERROR;
				CLANG_WARN_RANGE_LOOP_ANALYSIS = YES;
				CLANG_WARN_STRICT_PROTOTYPES = YES;
				CLANG_WARN_SUSPICIOUS_MOVE = YES;
				CLANG_WARN_UNGUARDED_AVAILABILITY = YES_AGGRESSIVE;
				CLANG_WARN_UNREACHABLE_CODE = YES;
				CLANG_WARN__DUPLICATE_METHOD_MATCH = YES;
				CODE_SIGN_IDENTITY = "iPhone Developer";
				COPY_PHASE_STRIP = NO;
				DEBUG_INFORMATION_FORMAT = "dwarf-with-dsym";
				ENABLE_NS_ASSERTIONS = NO;
				ENABLE_STRICT_OBJC_MSGSEND = YES;
				GCC_C_LANGUAGE_STANDARD = gnu11;
				GCC_NO_COMMON_BLOCKS = YES;
				GCC_WARN_64_TO_32_BIT_CONVERSION = YES;
				GCC_WARN_ABOUT_RETURN_TYPE = YES_ERROR;
				GCC_WARN_UNDECLARED_SELECTOR = YES;
				GCC_WARN_UNINITIALIZED_AUTOS = YES_AGGRESSIVE;
				GCC_WARN_UNUSED_FUNCTION = YES;
				GCC_WARN_UNUSED_VARIABLE = YES;
				IPHONEOS_DEPLOYMENT_TARGET = 11.4;
				MTL_ENABLE_DEBUG_INFO = NO;
				SDKROOT = iphoneos;
				SWIFT_COMPILATION_MODE = wholemodule;
				SWIFT_OPTIMIZATION_LEVEL = "-O";
				VALIDATE_PRODUCT = YES;
			};
			name = Release;
		};
		C9F0DB69222D25D700B54BD8 /* Debug */ = {
			isa = XCBuildConfiguration;
			buildSettings = {
				ASSETCATALOG_COMPILER_APPICON_NAME = AppIcon;
				CODE_SIGN_STYLE = Automatic;
				DEVELOPMENT_TEAM = HY5C4XSDTU;
				INFOPLIST_FILE = "weather-app/Info.plist";
				LD_RUNPATH_SEARCH_PATHS = (
					"$(inherited)",
					"@executable_path/Frameworks",
				);
				PRODUCT_BUNDLE_IDENTIFIER = "com.selvinafernandes.weather-app";
				PRODUCT_NAME = "$(TARGET_NAME)";
				SWIFT_VERSION = 4.0;
				TARGETED_DEVICE_FAMILY = "1,2";
			};
			name = Debug;
		};
		C9F0DB6A222D25D700B54BD8 /* Release */ = {
			isa = XCBuildConfiguration;
			buildSettings = {
				ASSETCATALOG_COMPILER_APPICON_NAME = AppIcon;
				CODE_SIGN_STYLE = Automatic;
				DEVELOPMENT_TEAM = HY5C4XSDTU;
				INFOPLIST_FILE = "weather-app/Info.plist";
				LD_RUNPATH_SEARCH_PATHS = (
					"$(inherited)",
					"@executable_path/Frameworks",
				);
				PRODUCT_BUNDLE_IDENTIFIER = "com.selvinafernandes.weather-app";
				PRODUCT_NAME = "$(TARGET_NAME)";
				SWIFT_VERSION = 4.0;
				TARGETED_DEVICE_FAMILY = "1,2";
			};
			name = Release;
		};
/* End XCBuildConfiguration section */

/* Begin XCConfigurationList section */
		C9F0DB4E222D25D500B54BD8 /* Build configuration list for PBXProject "weather-app" */ = {
			isa = XCConfigurationList;
			buildConfigurations = (
				C9F0DB66222D25D700B54BD8 /* Debug */,
				C9F0DB67222D25D700B54BD8 /* Release */,
			);
			defaultConfigurationIsVisible = 0;
			defaultConfigurationName = Release;
		};
		C9F0DB68222D25D700B54BD8 /* Build configuration list for PBXNativeTarget "weather-app" */ = {
			isa = XCConfigurationList;
			buildConfigurations = (
				C9F0DB69222D25D700B54BD8 /* Debug */,
				C9F0DB6A222D25D700B54BD8 /* Release */,
			);
			defaultConfigurationIsVisible = 0;
			defaultConfigurationName = Release;
		};
/* End XCConfigurationList section */

/* Begin XCVersionGroup section */
		C9F0DB5D222D25D500B54BD8 /* weather_app.xcdatamodeld */ = {
			isa = XCVersionGroup;
			children = (
				C9F0DB5E222D25D500B54BD8 /* weather_app.xcdatamodel */,
			);
			currentVersion = C9F0DB5E222D25D500B54BD8 /* weather_app.xcdatamodel */;
			path = weather_app.xcdatamodeld;
			sourceTree = "<group>";
			versionGroupType = wrapper.xcdatamodel;
		};
/* End XCVersionGroup section */
	};
	rootObject = C9F0DB4B222D25D500B54BD8 /* Project object */;
}
